
Microsoft Visual Studio Solution File, Format Version 12.00
# Visual Studio Version 17
VisualStudioVersion = 17.5.002.0
MinimumVisualStudioVersion = 10.0.40219.1
Project("{9A19103F-16F7-4668-BE54-9A1E7A4F7556}") = "Quadrante", "Quadrante.csproj", "{8252A9EB-13F3-4B96-AAAD-E552B9B63156}"
EndProject
Global
	GlobalSection(SolutionConfigurationPlatforms) = preSolution
		Debug|Any CPU = Debug|Any CPU
		Release|Any CPU = Release|Any CPU
	EndGlobalSection
	GlobalSection(ProjectConfigurationPlatforms) = postSolution
		{8252A9EB-13F3-4B96-AAAD-E552B9B63156}.Debug|Any CPU.ActiveCfg = Debug|Any CPU
		{8252A9EB-13F3-4B96-AAAD-E552B9B63156}.Debug|Any CPU.Build.0 = Debug|Any CPU
		{8252A9EB-13F3-4B96-AAAD-E552B9B63156}.Release|Any CPU.ActiveCfg = Release|Any CPU
		{8252A9EB-13F3-4B96-AAAD-E552B9B63156}.Release|Any CPU.Build.0 = Release|Any CPU
	EndGlobalSection
	GlobalSection(SolutionProperties) = preSolution
		HideSolutionNode = FALSE
	EndGlobalSection
	GlobalSection(ExtensibilityGlobals) = postSolution
		SolutionGuid = {22C5A9AD-165E-4F5C-862E-D72D2204E2EF}
	EndGlobalSection
EndGlobal
